
Microsoft Visual Studio Solution File, Format Version 12.00
# Visual Studio Version 17
VisualStudioVersion = 17.11.35327.3
MinimumVisualStudioVersion = 10.0.40219.1
Project("{2150E333-8FDC-42A3-9474-1A3956D46DE8}") = "Task0", "Task0", "{675456D7-8000-4C82-AE89-49F51EBE3B96}"
EndProject
Project("{9A19103F-16F7-4668-BE54-9A1E7A4F7556}") = "Tyuiu.KovyazinAA.Sprint6.Task0.V16", "Tyuiu.KovyazinAA.Sprint6.Task0.V16\Tyuiu.KovyazinAA.Sprint6.Task0.V16.csproj", "{36559E1A-0747-4D21-9E31-AE6178F299D9}"
EndProject
Project("{9A19103F-16F7-4668-BE54-9A1E7A4F7556}") = "Tyuiu.KovyazinAA.Sprint6.Task0.V16.Lib", "Tyuiu.KovyazinAA.Sprint6.Task0.V16.Lib\Tyuiu.KovyazinAA.Sprint6.Task0.V16.Lib.csproj", "{1F901BA0-3756-4CFC-A30D-45F6C7451AC9}"
EndProject
Project("{9A19103F-16F7-4668-BE54-9A1E7A4F7556}") = "Tyuiu.KovyazinAA.Sprint6.Task0.V16.Test", "Tyuiu.KovyazinAA.Sprint6.Task0.V16.Test\Tyuiu.KovyazinAA.Sprint6.Task0.V16.Test.csproj", "{2707A3A3-9FAC-495E-8FE9-A3D415AEA8C1}"
EndProject
Project("{2150E333-8FDC-42A3-9474-1A3956D46DE8}") = "Task1", "Task1", "{DE109F7B-B5C0-4A91-94CC-2D90D9D6AC16}"
EndProject
Project("{FAE04EC0-301F-11D3-BF4B-00C04F79EFBC}") = "Tyuiu.KovyazinAA.Sprint6.Task1.V21", "Tyuiu.KovyazinAA.Sprint6.Task1.V21\Tyuiu.KovyazinAA.Sprint6.Task1.V21.csproj", "{A1135DA2-E97A-45D0-871D-0067BE8EF447}"
EndProject
Project("{FAE04EC0-301F-11D3-BF4B-00C04F79EFBC}") = "Tyuiu.KovyazinAA.Sprint6.Task1.V21.Lib", "Tyuiu.KovyazinAA.Sprint6.Task1.V21.Lib\Tyuiu.KovyazinAA.Sprint6.Task1.V21.Lib.csproj", "{58CB86B7-A203-4B1B-994B-2F6501CCDC49}"
EndProject
Project("{FAE04EC0-301F-11D3-BF4B-00C04F79EFBC}") = "Tyuiu.KovyazinAA.Sprint6.Task1.V21.Test", "Tyuiu.KovyazinAA.Sprint6.Task1.V21.Test\Tyuiu.KovyazinAA.Sprint6.Task1.V21.Test.csproj", "{3ABFFDBF-1FF6-4B7B-B240-72B850C8CC21}"
EndProject
Project("{2150E333-8FDC-42A3-9474-1A3956D46DE8}") = "Task2", "Task2", "{54E8B582-3FB1-496A-8EF4-C886CF6E2CA5}"
EndProject
Project("{FAE04EC0-301F-11D3-BF4B-00C04F79EFBC}") = "Tyuiu.KovyazinAA.Sprint6.Task2.V24", "Tyuiu.KovyazinAA.Sprint6.Task2.V24\Tyuiu.KovyazinAA.Sprint6.Task2.V24.csproj", "{01DAD3F5-EFC2-4C39-82C1-EF70E3A3AC7F}"
EndProject
Project("{FAE04EC0-301F-11D3-BF4B-00C04F79EFBC}") = "Tyuiu.KovyazinAA.Sprint6.Task2.V24.Lib", "Tyuiu.KovyazinAA.Sprint6.Task2.V24.Lib\Tyuiu.KovyazinAA.Sprint6.Task2.V24.Lib.csproj", "{C983C6C7-8046-4947-9E84-8C944B11D717}"
EndProject
Project("{FAE04EC0-301F-11D3-BF4B-00C04F79EFBC}") = "Tyuiu.KovyazinAA.Sprint6.Task2.V24.Test", "Tyuiu.KovyazinAA.Sprint6.Task2.V24.Test\Tyuiu.KovyazinAA.Sprint6.Task2.V24.Test.csproj", "{FDFA9163-5151-4C3B-96DD-3BDEF4B0E6AC}"
EndProject
Global
	GlobalSection(SolutionConfigurationPlatforms) = preSolution
		Debug|Any CPU = Debug|Any CPU
		Release|Any CPU = Release|Any CPU
	EndGlobalSection
	GlobalSection(ProjectConfigurationPlatforms) = postSolution
		{36559E1A-0747-4D21-9E31-AE6178F299D9}.Debug|Any CPU.ActiveCfg = Debug|Any CPU
		{36559E1A-0747-4D21-9E31-AE6178F299D9}.Debug|Any CPU.Build.0 = Debug|Any CPU
		{36559E1A-0747-4D21-9E31-AE6178F299D9}.Release|Any CPU.ActiveCfg = Release|Any CPU
		{36559E1A-0747-4D21-9E31-AE6178F299D9}.Release|Any CPU.Build.0 = Release|Any CPU
		{1F901BA0-3756-4CFC-A30D-45F6C7451AC9}.Debug|Any CPU.ActiveCfg = Debug|Any CPU
		{1F901BA0-3756-4CFC-A30D-45F6C7451AC9}.Debug|Any CPU.Build.0 = Debug|Any CPU
		{1F901BA0-3756-4CFC-A30D-45F6C7451AC9}.Release|Any CPU.ActiveCfg = Release|Any CPU
		{1F901BA0-3756-4CFC-A30D-45F6C7451AC9}.Release|Any CPU.Build.0 = Release|Any CPU
		{2707A3A3-9FAC-495E-8FE9-A3D415AEA8C1}.Debug|Any CPU.ActiveCfg = Debug|Any CPU
		{2707A3A3-9FAC-495E-8FE9-A3D415AEA8C1}.Debug|Any CPU.Build.0 = Debug|Any CPU
		{2707A3A3-9FAC-495E-8FE9-A3D415AEA8C1}.Release|Any CPU.ActiveCfg = Release|Any CPU
		{2707A3A3-9FAC-495E-8FE9-A3D415AEA8C1}.Release|Any CPU.Build.0 = Release|Any CPU
		{A1135DA2-E97A-45D0-871D-0067BE8EF447}.Debug|Any CPU.ActiveCfg = Debug|Any CPU
		{A1135DA2-E97A-45D0-871D-0067BE8EF447}.Debug|Any CPU.Build.0 = Debug|Any CPU
		{A1135DA2-E97A-45D0-871D-0067BE8EF447}.Release|Any CPU.ActiveCfg = Release|Any CPU
		{A1135DA2-E97A-45D0-871D-0067BE8EF447}.Release|Any CPU.Build.0 = Release|Any CPU
		{58CB86B7-A203-4B1B-994B-2F6501CCDC49}.Debug|Any CPU.ActiveCfg = Debug|Any CPU
		{58CB86B7-A203-4B1B-994B-2F6501CCDC49}.Debug|Any CPU.Build.0 = Debug|Any CPU
		{58CB86B7-A203-4B1B-994B-2F6501CCDC49}.Release|Any CPU.ActiveCfg = Release|Any CPU
		{58CB86B7-A203-4B1B-994B-2F6501CCDC49}.Release|Any CPU.Build.0 = Release|Any CPU
		{3ABFFDBF-1FF6-4B7B-B240-72B850C8CC21}.Debug|Any CPU.ActiveCfg = Debug|Any CPU
		{3ABFFDBF-1FF6-4B7B-B240-72B850C8CC21}.Debug|Any CPU.Build.0 = Debug|Any CPU
		{3ABFFDBF-1FF6-4B7B-B240-72B850C8CC21}.Release|Any CPU.ActiveCfg = Release|Any CPU
		{3ABFFDBF-1FF6-4B7B-B240-72B850C8CC21}.Release|Any CPU.Build.0 = Release|Any CPU
		{01DAD3F5-EFC2-4C39-82C1-EF70E3A3AC7F}.Debug|Any CPU.ActiveCfg = Debug|Any CPU
		{01DAD3F5-EFC2-4C39-82C1-EF70E3A3AC7F}.Debug|Any CPU.Build.0 = Debug|Any CPU
		{01DAD3F5-EFC2-4C39-82C1-EF70E3A3AC7F}.Release|Any CPU.ActiveCfg = Release|Any CPU
		{01DAD3F5-EFC2-4C39-82C1-EF70E3A3AC7F}.Release|Any CPU.Build.0 = Release|Any CPU
		{C983C6C7-8046-4947-9E84-8C944B11D717}.Debug|Any CPU.ActiveCfg = Debug|Any CPU
		{C983C6C7-8046-4947-9E84-8C944B11D717}.Debug|Any CPU.Build.0 = Debug|Any CPU
		{C983C6C7-8046-4947-9E84-8C944B11D717}.Release|Any CPU.ActiveCfg = Release|Any CPU
		{C983C6C7-8046-4947-9E84-8C944B11D717}.Release|Any CPU.Build.0 = Release|Any CPU
		{FDFA9163-5151-4C3B-96DD-3BDEF4B0E6AC}.Debug|Any CPU.ActiveCfg = Debug|Any CPU
		{FDFA9163-5151-4C3B-96DD-3BDEF4B0E6AC}.Debug|Any CPU.Build.0 = Debug|Any CPU
		{FDFA9163-5151-4C3B-96DD-3BDEF4B0E6AC}.Release|Any CPU.ActiveCfg = Release|Any CPU
		{FDFA9163-5151-4C3B-96DD-3BDEF4B0E6AC}.Release|Any CPU.Build.0 = Release|Any CPU
	EndGlobalSection
	GlobalSection(SolutionProperties) = preSolution
		HideSolutionNode = FALSE
	EndGlobalSection
	GlobalSection(NestedProjects) = preSolution
		{36559E1A-0747-4D21-9E31-AE6178F299D9} = {675456D7-8000-4C82-AE89-49F51EBE3B96}
		{1F901BA0-3756-4CFC-A30D-45F6C7451AC9} = {675456D7-8000-4C82-AE89-49F51EBE3B96}
		{2707A3A3-9FAC-495E-8FE9-A3D415AEA8C1} = {675456D7-8000-4C82-AE89-49F51EBE3B96}
		{A1135DA2-E97A-45D0-871D-0067BE8EF447} = {DE109F7B-B5C0-4A91-94CC-2D90D9D6AC16}
		{58CB86B7-A203-4B1B-994B-2F6501CCDC49} = {DE109F7B-B5C0-4A91-94CC-2D90D9D6AC16}
		{3ABFFDBF-1FF6-4B7B-B240-72B850C8CC21} = {DE109F7B-B5C0-4A91-94CC-2D90D9D6AC16}
		{01DAD3F5-EFC2-4C39-82C1-EF70E3A3AC7F} = {54E8B582-3FB1-496A-8EF4-C886CF6E2CA5}
		{C983C6C7-8046-4947-9E84-8C944B11D717} = {54E8B582-3FB1-496A-8EF4-C886CF6E2CA5}
		{FDFA9163-5151-4C3B-96DD-3BDEF4B0E6AC} = {54E8B582-3FB1-496A-8EF4-C886CF6E2CA5}
	EndGlobalSection
	GlobalSection(ExtensibilityGlobals) = postSolution
		SolutionGuid = {5EE5D869-6FBA-4994-B46B-45F3919A56EE}
	EndGlobalSection
EndGlobal
